{
  "version": 4,
  "terraform_version": "1.12.1",
  "serial": 46,
  "lineage": "60431a2f-c4c7-fde4-f388-eba27cceb74f",
  "outputs": {},
  "resources": [
    {
      "mode": "managed",
      "type": "local_file",
      "name": "pet",
      "provider": "provider[\"registry.terraform.io/hashicorp/local\"]",
      "instances": [
        {
          "schema_version": 0,
          "attributes": {
            "content": "we hate pets",
            "content_base64": null,
            "content_base64sha256": "vdUFgb5Yv9x54bGXtmprNAPnWcXiv4kpRsBvtMAV5lg=",
            "content_base64sha512": "PPSxwAii2QSWK8ox6+ciiyy6xgKJrvBuulkWe43mSuokQaLxeoXvsN43Km/o8hbwZ9gM9vvAt1u0ARa1On1Vdw==",
            "content_md5": "65fc9b2d17a8aaa0115a8b5a9d4ecfa8",
            "content_sha1": "95f7326cb29cff8f83d87f7793d3b11480eef713",
            "content_sha256": "bdd50581be58bfdc79e1b197b66a6b3403e759c5e2bf892946c06fb4c015e658",
            "content_sha512": "3cf4b1c008a2d904962bca31ebe7228b2cbac60289aef06eba59167b8de64aea2441a2f17a85efb0de372a6fe8f216f067d80cf6fbc0b75bb40116b53a7d5577",
            "directory_permission": "0777",
            "file_permission": "0777",
            "filename": "pet.txt",
            "id": "95f7326cb29cff8f83d87f7793d3b11480eef713",
            "sensitive_content": null,
            "source": null
          },
          "sensitive_attributes": [
            [
              {
                "type": "get_attr",
                "value": "sensitive_content"
              }
            ]
          ],
          "identity_schema_version": 0
        }
      ]
    }
  ],
  "check_results": null
}
